
Microsoft Visual Studio Solution File, Format Version 12.00
# Visual Studio Version 16
VisualStudioVersion = 16.0.31402.337
MinimumVisualStudioVersion = 10.0.40219.1
Project("{FAE04EC0-301F-11D3-BF4B-00C04F79EFBC}") = "BeatSaberDowngrader", "BeatSaberDowngrader.csproj", "{B47FADC7-0EF9-4486-8E1E-9E65682D7647}"
EndProject
Global
	GlobalSection(SolutionConfigurationPlatforms) = preSolution
		Debug|Any CPU = Debug|Any CPU
		Release|Any CPU = Release|Any CPU
	EndGlobalSection
	GlobalSection(ProjectConfigurationPlatforms) = postSolution
		{B47FADC7-0EF9-4486-8E1E-9E65682D7647}.Debug|Any CPU.ActiveCfg = Debug|Any CPU
		{B47FADC7-0EF9-4486-8E1E-9E65682D7647}.Debug|Any CPU.Build.0 = Debug|Any CPU
		{B47FADC7-0EF9-4486-8E1E-9E65682D7647}.Release|Any CPU.ActiveCfg = Release|Any CPU
		{B47FADC7-0EF9-4486-8E1E-9E65682D7647}.Release|Any CPU.Build.0 = Release|Any CPU
	EndGlobalSection
	GlobalSection(SolutionProperties) = preSolution
		HideSolutionNode = FALSE
	EndGlobalSection
	GlobalSection(ExtensibilityGlobals) = postSolution
		SolutionGuid = {D4253AB8-B7F4-4145-968B-2FBBB4A13D6F}
	EndGlobalSection
EndGlobal
